{
  "name": "geoxor-galaxy",
  "version": "1.0.0",
  "lockfileVersion": 2,
  "requires": true,
  "packages": {
    "": {
      "version": "1.0.0",
      "license": "MIT",
      "devDependencies": {
        "@types/p5": "^0.9.1"
      }
    },
    "node_modules/@types/p5": {
      "version": "0.9.1",
      "dev": true,
      "license": "MIT"
    }
  },
  "dependencies": {
    "@types/p5": {
      "version": "0.9.1",
      "dev": true
    }
  }
}
